
Microsoft Visual Studio Solution File, Format Version 12.00
# Visual Studio Version 17
VisualStudioVersion = 17.0.32126.317
MinimumVisualStudioVersion = 10.0.40219.1
Project("{FAE04EC0-301F-11D3-BF4B-00C04F79EFBC}") = "Magic8Ball", "Magic8Ball.csproj", "{D8D80E72-F000-407E-8C99-CFBA9DD48C94}"
EndProject
Global
	GlobalSection(SolutionConfigurationPlatforms) = preSolution
		Debug|Any CPU = Debug|Any CPU
		Release|Any CPU = Release|Any CPU
	EndGlobalSection
	GlobalSection(ProjectConfigurationPlatforms) = postSolution
		{D8D80E72-F000-407E-8C99-CFBA9DD48C94}.Debug|Any CPU.ActiveCfg = Debug|Any CPU
		{D8D80E72-F000-407E-8C99-CFBA9DD48C94}.Debug|Any CPU.Build.0 = Debug|Any CPU
		{D8D80E72-F000-407E-8C99-CFBA9DD48C94}.Release|Any CPU.ActiveCfg = Release|Any CPU
		{D8D80E72-F000-407E-8C99-CFBA9DD48C94}.Release|Any CPU.Build.0 = Release|Any CPU
	EndGlobalSection
	GlobalSection(SolutionProperties) = preSolution
		HideSolutionNode = FALSE
	EndGlobalSection
	GlobalSection(ExtensibilityGlobals) = postSolution
		SolutionGuid = {DBCADFEA-8AE9-4019-A464-9C4E4FB357EA}
	EndGlobalSection
EndGlobal
